// !$*UTF8*$!
{
	archiveVersion = 1;
	classes = {
	};
	objectVersion = 46;
	objects = {

/* Begin PBXBuildFile section */
		D26D56C11B08455500782E34 /* main.m in Sources */ = {isa = PBXBuildFile; fileRef = D26D56C01B08455500782E34 /* main.m */; };
		D26D56C41B08455500782E34 /* AppDelegate.m in Sources */ = {isa = PBXBuildFile; fileRef = D26D56C31B08455500782E34 /* AppDelegate.m */; };
		D26D56C71B08455500782E34 /* ViewController.m in Sources */ = {isa = PBXBuildFile; fileRef = D26D56C61B08455500782E34 /* ViewController.m */; };
		D26D56CA1B08455500782E34 /* Main.storyboard in Resources */ = {isa = PBXBuildFile; fileRef = D26D56C81B08455500782E34 /* Main.storyboard */; };
		D26D56CC1B08455500782E34 /* Images.xcassets in Resources */ = {isa = PBXBuildFile; fileRef = D26D56CB1B08455500782E34 /* Images.xcassets */; };
		D26D56CF1B08455500782E34 /* LaunchScreen.xib in Resources */ = {isa = PBXBuildFile; fileRef = D26D56CD1B08455500782E34 /* LaunchScreen.xib */; };
		D26D56DB1B08455600782E34 /* ThreeCardMonteTests.m in Sources */ = {isa = PBXBuildFile; fileRef = D26D56DA1B08455600782E34 /* ThreeCardMonteTests.m */; };
/* End PBXBuildFile section */

/* Begin PBXContainerItemProxy section */
		D26D56D51B08455600782E34 /* PBXContainerItemProxy */ = {
			isa = PBXContainerItemProxy;
			containerPortal = D26D56B31B08455500782E34 /* Project object */;
			proxyType = 1;
			remoteGlobalIDString = D26D56BA1B08455500782E34;
			remoteInfo = ThreeCardMonte;
		};
/* End PBXContainerItemProxy section */

/* Begin PBXFileReference section */
		D26D56BB1B08455500782E34 /* ThreeCardMonte.app */ = {isa = PBXFileReference; explicitFileType = wrapper.application; includeInIndex = 0; path = ThreeCardMonte.app; sourceTree = BUILT_PRODUCTS_DIR; };
		D26D56BF1B08455500782E34 /* Info.plist */ = {isa = PBXFileReference; lastKnownFileType = text.plist.xml; path = Info.plist; sourceTree = "<group>"; };
		D26D56C01B08455500782E34 /* main.m */ = {isa = PBXFileReference; lastKnownFileType = sourcecode.c.objc; path = main.m; sourceTree = "<group>"; };
		D26D56C21B08455500782E34 /* AppDelegate.h */ = {isa = PBXFileReference; lastKnownFileType = sourcecode.c.h; path = AppDelegate.h; sourceTree = "<group>"; };
		D26D56C31B08455500782E34 /* AppDelegate.m */ = {isa = PBXFileReference; lastKnownFileType = sourcecode.c.objc; path = AppDelegate.m; sourceTree = "<group>"; };
		D26D56C51B08455500782E34 /* ViewController.h */ = {isa = PBXFileReference; lastKnownFileType = sourcecode.c.h; path = ViewController.h; sourceTree = "<group>"; };
		D26D56C61B08455500782E34 /* ViewController.m */ = {isa = PBXFileReference; lastKnownFileType = sourcecode.c.objc; path = ViewController.m; sourceTree = "<group>"; };
		D26D56C91B08455500782E34 /* Base */ = {isa = PBXFileReference; lastKnownFileType = file.storyboard; name = Base; path = Base.lproj/Main.storyboard; sourceTree = "<group>"; };
		D26D56CB1B08455500782E34 /* Images.xcassets */ = {isa = PBXFileReference; lastKnownFileType = folder.assetcatalog; path = Images.xcassets; sourceTree = "<group>"; };
		D26D56CE1B08455500782E34 /* Base */ = {isa = PBXFileReference; lastKnownFileType = file.xib; name = Base; path = Base.lproj/LaunchScreen.xib; sourceTree = "<group>"; };
		D26D56D41B08455600782E34 /* ThreeCardMonteTests.xctest */ = {isa = PBXFileReference; explicitFileType = wrapper.cfbundle; includeInIndex = 0; path = ThreeCardMonteTests.xctest; sourceTree = BUILT_PRODUCTS_DIR; };
		D26D56D91B08455600782E34 /* Info.plist */ = {isa = PBXFileReference; lastKnownFileType = text.plist.xml; path = Info.plist; sourceTree = "<group>"; };
		D26D56DA1B08455600782E34 /* ThreeCardMonteTests.m */ = {isa = PBXFileReference; lastKnownFileType = sourcecode.c.objc; path = ThreeCardMonteTests.m; sourceTree = "<group>"; };
/* End PBXFileReference section */

/* Begin PBXFrameworksBuildPhase section */
		D26D56B81B08455500782E34 /* Frameworks */ = {
			isa = PBXFrameworksBuildPhase;
			buildActionMask = 2147483647;
			files = (
			);
			runOnlyForDeploymentPostprocessing = 0;
		};
		D26D56D11B08455600782E34 /* Frameworks */ = {
			isa = PBXFrameworksBuildPhase;
			buildActionMask = 2147483647;
			files = (
			);
			runOnlyForDeploymentPostprocessing = 0;
		};
/* End PBXFrameworksBuildPhase section */

/* Begin PBXGroup section */
		D26D56B21B08455500782E34 = {
			isa = PBXGroup;
			children = (
				D26D56BD1B08455500782E34 /* ThreeCardMonte */,
				D26D56D71B08455600782E34 /* ThreeCardMonteTests */,
				D26D56BC1B08455500782E34 /* Products */,
			);
			sourceTree = "<group>";
		};
		D26D56BC1B08455500782E34 /* Products */ = {
			isa = PBXGroup;
			children = (
				D26D56BB1B08455500782E34 /* ThreeCardMonte.app */,
				D26D56D41B08455600782E34 /* ThreeCardMonteTests.xctest */,
			);
			name = Products;
			sourceTree = "<group>";
		};
		D26D56BD1B08455500782E34 /* ThreeCardMonte */ = {
			isa = PBXGroup;
			children = (
				D26D56C21B08455500782E34 /* AppDelegate.h */,
				D26D56C31B08455500782E34 /* AppDelegate.m */,
				D26D56C51B08455500782E34 /* ViewController.h */,
				D26D56C61B08455500782E34 /* ViewController.m */,
				D26D56C81B08455500782E34 /* Main.storyboard */,
				D26D56CB1B08455500782E34 /* Images.xcassets */,
				D26D56CD1B08455500782E34 /* LaunchScreen.xib */,
				D26D56BE1B08455500782E34 /* Supporting Files */,
			);
			path = ThreeCardMonte;
			sourceTree = "<group>";
		};
		D26D56BE1B08455500782E34 /* Supporting Files */ = {
			isa = PBXGroup;
			children = (
				D26D56BF1B08455500782E34 /* Info.plist */,
				D26D56C01B08455500782E34 /* main.m */,
			);
			name = "Supporting Files";
			sourceTree = "<group>";
		};
		D26D56D71B08455600782E34 /* ThreeCardMonteTests */ = {
			isa = PBXGroup;
			children = (
				D26D56DA1B08455600782E34 /* ThreeCardMonteTests.m */,
				D26D56D81B08455600782E34 /* Supporting Files */,
			);
			path = ThreeCardMonteTests;
			sourceTree = "<group>";
		};
		D26D56D81B08455600782E34 /* Supporting Files */ = {
			isa = PBXGroup;
			children = (
				D26D56D91B08455600782E34 /* Info.plist */,
			);
			name = "Supporting Files";
			sourceTree = "<group>";
		};
/* End PBXGroup section */

/* Begin PBXNativeTarget section */
		D26D56BA1B08455500782E34 /* ThreeCardMonte */ = {
			isa = PBXNativeTarget;
			buildConfigurationList = D26D56DE1B08455600782E34 /* Build configuration list for PBXNativeTarget "ThreeCardMonte" */;
			buildPhases = (
				D26D56B71B08455500782E34 /* Sources */,
				D26D56B81B08455500782E34 /* Frameworks */,
				D26D56B91B08455500782E34 /* Resources */,
			);
			buildRules = (
			);
			dependencies = (
			);
			name = ThreeCardMonte;
			productName = ThreeCardMonte;
			productReference = D26D56BB1B08455500782E34 /* ThreeCardMonte.app */;
			productType = "com.apple.product-type.application";
		};
		D26D56D31B08455600782E34 /* ThreeCardMonteTests */ = {
			isa = PBXNativeTarget;
			buildConfigurationList = D26D56E11B08455600782E34 /* Build configuration list for PBXNativeTarget "ThreeCardMonteTests" */;
			buildPhases = (
				D26D56D01B08455600782E34 /* Sources */,
				D26D56D11B08455600782E34 /* Frameworks */,
				D26D56D21B08455600782E34 /* Resources */,
			);
			buildRules = (
			);
			dependencies = (
				D26D56D61B08455600782E34 /* PBXTargetDependency */,
			);
			name = ThreeCardMonteTests;
			productName = ThreeCardMonteTests;
			productReference = D26D56D41B08455600782E34 /* ThreeCardMonteTests.xctest */;
			productType = "com.apple.product-type.bundle.unit-test";
		};
/* End PBXNativeTarget section */

/* Begin PBXProject section */
		D26D56B31B08455500782E34 /* Project object */ = {
			isa = PBXProject;
			attributes = {
				LastUpgradeCheck = 0620;
				ORGANIZATIONNAME = "jonathan thornburg";
				TargetAttributes = {
					D26D56BA1B08455500782E34 = {
						CreatedOnToolsVersion = 6.2;
					};
					D26D56D31B08455600782E34 = {
						CreatedOnToolsVersion = 6.2;
						TestTargetID = D26D56BA1B08455500782E34;
					};
				};
			};
			buildConfigurationList = D26D56B61B08455500782E34 /* Build configuration list for PBXProject "ThreeCardMonte" */;
			compatibilityVersion = "Xcode 3.2";
			developmentRegion = English;
			hasScannedForEncodings = 0;
			knownRegions = (
				en,
				Base,
			);
			mainGroup = D26D56B21B08455500782E34;
			productRefGroup = D26D56BC1B08455500782E34 /* Products */;
			projectDirPath = "";
			projectRoot = "";
			targets = (
				D26D56BA1B08455500782E34 /* ThreeCardMonte */,
				D26D56D31B08455600782E34 /* ThreeCardMonteTests */,
			);
		};
/* End PBXProject section */

/* Begin PBXResourcesBuildPhase section */
		D26D56B91B08455500782E34 /* Resources */ = {
			isa = PBXResourcesBuildPhase;
			buildActionMask = 2147483647;
			files = (
				D26D56CA1B08455500782E34 /* Main.storyboard in Resources */,
				D26D56CF1B08455500782E34 /* LaunchScreen.xib in Resources */,
				D26D56CC1B08455500782E34 /* Images.xcassets in Resources */,
			);
			runOnlyForDeploymentPostprocessing = 0;
		};
		D26D56D21B08455600782E34 /* Resources */ = {
			isa = PBXResourcesBuildPhase;
			buildActionMask = 2147483647;
			files = (
			);
			runOnlyForDeploymentPostprocessing = 0;
		};
/* End PBXResourcesBuildPhase section */

/* Begin PBXSourcesBuildPhase section */
		D26D56B71B08455500782E34 /* Sources */ = {
			isa = PBXSourcesBuildPhase;
			buildActionMask = 2147483647;
			files = (
				D26D56C71B08455500782E34 /* ViewController.m in Sources */,
				D26D56C41B08455500782E34 /* AppDelegate.m in Sources */,
				D26D56C11B08455500782E34 /* main.m in Sources */,
			);
			runOnlyForDeploymentPostprocessing = 0;
		};
		D26D56D01B08455600782E34 /* Sources */ = {
			isa = PBXSourcesBuildPhase;
			buildActionMask = 2147483647;
			files = (
				D26D56DB1B08455600782E34 /* ThreeCardMonteTests.m in Sources */,
			);
			runOnlyForDeploymentPostprocessing = 0;
		};
/* End PBXSourcesBuildPhase section */

/* Begin PBXTargetDependency section */
		D26D56D61B08455600782E34 /* PBXTargetDependency */ = {
			isa = PBXTargetDependency;
			target = D26D56BA1B08455500782E34 /* ThreeCardMonte */;
			targetProxy = D26D56D51B08455600782E34 /* PBXContainerItemProxy */;
		};
/* End PBXTargetDependency section */

/* Begin PBXVariantGroup section */
		D26D56C81B08455500782E34 /* Main.storyboard */ = {
			isa = PBXVariantGroup;
			children = (
				D26D56C91B08455500782E34 /* Base */,
			);
			name = Main.storyboard;
			sourceTree = "<group>";
		};
		D26D56CD1B08455500782E34 /* LaunchScreen.xib */ = {
			isa = PBXVariantGroup;
			children = (
				D26D56CE1B08455500782E34 /* Base */,
			);
			name = LaunchScreen.xib;
			sourceTree = "<group>";
		};
/* End PBXVariantGroup section */

/* Begin XCBuildConfiguration section */
		D26D56DC1B08455600782E34 /* Debug */ = {
			isa = XCBuildConfiguration;
			buildSettings = {
				ALWAYS_SEARCH_USER_PATHS = NO;
				CLANG_CXX_LANGUAGE_STANDARD = "gnu++0x";
				CLANG_CXX_LIBRARY = "libc++";
				CLANG_ENABLE_MODULES = YES;
				CLANG_ENABLE_OBJC_ARC = YES;
				CLANG_WARN_BOOL_CONVERSION = YES;
				CLANG_WARN_CONSTANT_CONVERSION = YES;
				CLANG_WARN_DIRECT_OBJC_ISA_USAGE = YES_ERROR;
				CLANG_WARN_EMPTY_BODY = YES;
				CLANG_WARN_ENUM_CONVERSION = YES;
				CLANG_WARN_INT_CONVERSION = YES;
				CLANG_WARN_OBJC_ROOT_CLASS = YES_ERROR;
				CLANG_WARN_UNREACHABLE_CODE = YES;
				CLANG_WARN__DUPLICATE_METHOD_MATCH = YES;
				"CODE_SIGN_IDENTITY[sdk=iphoneos*]" = "iPhone Developer";
				COPY_PHASE_STRIP = NO;
				ENABLE_STRICT_OBJC_MSGSEND = YES;
				GCC_C_LANGUAGE_STANDARD = gnu99;
				GCC_DYNAMIC_NO_PIC = NO;
				GCC_OPTIMIZATION_LEVEL = 0;
				GCC_PREPROCESSOR_DEFINITIONS = (
					"DEBUG=1",
					"$(inherited)",
				);
				GCC_SYMBOLS_PRIVATE_EXTERN = NO;
				GCC_WARN_64_TO_32_BIT_CONVERSION = YES;
				GCC_WARN_ABOUT_RETURN_TYPE = YES_ERROR;
				GCC_WARN_UNDECLARED_SELECTOR = YES;
				GCC_WARN_UNINITIALIZED_AUTOS = YES_AGGRESSIVE;
				GCC_WARN_UNUSED_FUNCTION = YES;
				GCC_WARN_UNUSED_VARIABLE = YES;
				IPHONEOS_DEPLOYMENT_TARGET = 8.2;
				MTL_ENABLE_DEBUG_INFO = YES;
				ONLY_ACTIVE_ARCH = YES;
				SDKROOT = iphoneos;
			};
			name = Debug;
		};
		D26D56DD1B08455600782E34 /* Release */ = {
			isa = XCBuildConfiguration;
			buildSettings = {
				ALWAYS_SEARCH_USER_PATHS = NO;
				CLANG_CXX_LANGUAGE_STANDARD = "gnu++0x";
				CLANG_CXX_LIBRARY = "libc++";
				CLANG_ENABLE_MODULES = YES;
				CLANG_ENABLE_OBJC_ARC = YES;
				CLANG_WARN_BOOL_CONVERSION = YES;
				CLANG_WARN_CONSTANT_CONVERSION = YES;
				CLANG_WARN_DIRECT_OBJC_ISA_USAGE = YES_ERROR;
				CLANG_WARN_EMPTY_BODY = YES;
				CLANG_WARN_ENUM_CONVERSION = YES;
				CLANG_WARN_INT_CONVERSION = YES;
				CLANG_WARN_OBJC_ROOT_CLASS = YES_ERROR;
				CLANG_WARN_UNREACHABLE_CODE = YES;
				CLANG_WARN__DUPLICATE_METHOD_MATCH = YES;
				"CODE_SIGN_IDENTITY[sdk=iphoneos*]" = "iPhone Developer";
				COPY_PHASE_STRIP = NO;
				ENABLE_NS_ASSERTIONS = NO;
				ENABLE_STRICT_OBJC_MSGSEND = YES;
				GCC_C_LANGUAGE_STANDARD = gnu99;
				GCC_WARN_64_TO_32_BIT_CONVERSION = YES;
				GCC_WARN_ABOUT_RETURN_TYPE = YES_ERROR;
				GCC_WARN_UNDECLARED_SELECTOR = YES;
				GCC_WARN_UNINITIALIZED_AUTOS = YES_AGGRESSIVE;
				GCC_WARN_UNUSED_FUNCTION = YES;
				GCC_WARN_UNUSED_VARIABLE = YES;
				IPHONEOS_DEPLOYMENT_TARGET = 8.2;
				MTL_ENABLE_DEBUG_INFO = NO;
				SDKROOT = iphoneos;
				VALIDATE_PRODUCT = YES;
			};
			name = Release;
		};
		D26D56DF1B08455600782E34 /* Debug */ = {
			isa = XCBuildConfiguration;
			buildSettings = {
				ASSETCATALOG_COMPILER_APPICON_NAME = AppIcon;
				INFOPLIST_FILE = ThreeCardMonte/Info.plist;
				LD_RUNPATH_SEARCH_PATHS = "$(inherited) @executable_path/Frameworks";
				PRODUCT_NAME = "$(TARGET_NAME)";
			};
			name = Debug;
		};
		D26D56E01B08455600782E34 /* Release */ = {
			isa = XCBuildConfiguration;
			buildSettings = {
				ASSETCATALOG_COMPILER_APPICON_NAME = AppIcon;
				INFOPLIST_FILE = ThreeCardMonte/Info.plist;
				LD_RUNPATH_SEARCH_PATHS = "$(inherited) @executable_path/Frameworks";
				PRODUCT_NAME = "$(TARGET_NAME)";
			};
			name = Release;
		};
		D26D56E21B08455600782E34 /* Debug */ = {
			isa = XCBuildConfiguration;
			buildSettings = {
				BUNDLE_LOADER = "$(TEST_HOST)";
				FRAMEWORK_SEARCH_PATHS = (
					"$(SDKROOT)/Developer/Library/Frameworks",
					"$(inherited)",
				);
				GCC_PREPROCESSOR_DEFINITIONS = (
					"DEBUG=1",
					"$(inherited)",
				);
				INFOPLIST_FILE = ThreeCardMonteTests/Info.plist;
				LD_RUNPATH_SEARCH_PATHS = "$(inherited) @executable_path/Frameworks @loader_path/Frameworks";
				PRODUCT_NAME = "$(TARGET_NAME)";
				TEST_HOST = "$(BUILT_PRODUCTS_DIR)/ThreeCardMonte.app/ThreeCardMonte";
			};
			name = Debug;
		};
		D26D56E31B08455600782E34 /* Release */ = {
			isa = XCBuildConfiguration;
			buildSettings = {
				BUNDLE_LOADER = "$(TEST_HOST)";
				FRAMEWORK_SEARCH_PATHS = (
					"$(SDKROOT)/Developer/Library/Frameworks",
					"$(inherited)",
				);
				INFOPLIST_FILE = ThreeCardMonteTests/Info.plist;
				LD_RUNPATH_SEARCH_PATHS = "$(inherited) @executable_path/Frameworks @loader_path/Frameworks";
				PRODUCT_NAME = "$(TARGET_NAME)";
				TEST_HOST = "$(BUILT_PRODUCTS_DIR)/ThreeCardMonte.app/ThreeCardMonte";
			};
			name = Release;
		};
/* End XCBuildConfiguration section */

/* Begin XCConfigurationList section */
		D26D56B61B08455500782E34 /* Build configuration list for PBXProject "ThreeCardMonte" */ = {
			isa = XCConfigurationList;
			buildConfigurations = (
				D26D56DC1B08455600782E34 /* Debug */,
				D26D56DD1B08455600782E34 /* Release */,
			);
			defaultConfigurationIsVisible = 0;
			defaultConfigurationName = Release;
		};
		D26D56DE1B08455600782E34 /* Build configuration list for PBXNativeTarget "ThreeCardMonte" */ = {
			isa = XCConfigurationList;
			buildConfigurations = (
				D26D56DF1B08455600782E34 /* Debug */,
				D26D56E01B08455600782E34 /* Release */,
			);
			defaultConfigurationIsVisible = 0;
		};
		D26D56E11B08455600782E34 /* Build configuration list for PBXNativeTarget "ThreeCardMonteTests" */ = {
			isa = XCConfigurationList;
			buildConfigurations = (
				D26D56E21B08455600782E34 /* Debug */,
				D26D56E31B08455600782E34 /* Release */,
			);
			defaultConfigurationIsVisible = 0;
		};
/* End XCConfigurationList section */
	};
	rootObject = D26D56B31B08455500782E34 /* Project object */;
}
